
Microsoft Visual Studio Solution File, Format Version 12.00
# Visual Studio Version 17
VisualStudioVersion = 17.14.36414.22
MinimumVisualStudioVersion = 10.0.40219.1
Project("{FAE04EC0-301F-11D3-BF4B-00C04F79EFBC}") = "PolyDb", "src\PolyDb.csproj", "{9DEFDC88-4BE3-A00C-7130-B2E094E0A98D}"
EndProject
Project("{2150E333-8FDC-42A3-9474-1A3956D46DE8}") = "src", "src", "{02EA681E-C7D8-13C7-8484-4AC65E1B71E8}"
EndProject
Project("{2150E333-8FDC-42A3-9474-1A3956D46DE8}") = "tests", "tests", "{11CB3D1E-A71C-43B7-BAA2-84E0432095A8}"
EndProject
Project("{FAE04EC0-301F-11D3-BF4B-00C04F79EFBC}") = "PolyDb.Tests", "tests\PolyDb.Tests.csproj", "{10CEBBC7-D70E-7489-5EEA-B683A6C0CC1B}"
EndProject
Global
	GlobalSection(SolutionConfigurationPlatforms) = preSolution
		Debug|Any CPU = Debug|Any CPU
		Release|Any CPU = Release|Any CPU
	EndGlobalSection
	GlobalSection(ProjectConfigurationPlatforms) = postSolution
		{9DEFDC88-4BE3-A00C-7130-B2E094E0A98D}.Debug|Any CPU.ActiveCfg = Debug|Any CPU
		{9DEFDC88-4BE3-A00C-7130-B2E094E0A98D}.Debug|Any CPU.Build.0 = Debug|Any CPU
		{9DEFDC88-4BE3-A00C-7130-B2E094E0A98D}.Release|Any CPU.ActiveCfg = Release|Any CPU
		{9DEFDC88-4BE3-A00C-7130-B2E094E0A98D}.Release|Any CPU.Build.0 = Release|Any CPU
		{10CEBBC7-D70E-7489-5EEA-B683A6C0CC1B}.Debug|Any CPU.ActiveCfg = Debug|Any CPU
		{10CEBBC7-D70E-7489-5EEA-B683A6C0CC1B}.Debug|Any CPU.Build.0 = Debug|Any CPU
		{10CEBBC7-D70E-7489-5EEA-B683A6C0CC1B}.Release|Any CPU.ActiveCfg = Release|Any CPU
		{10CEBBC7-D70E-7489-5EEA-B683A6C0CC1B}.Release|Any CPU.Build.0 = Release|Any CPU
	EndGlobalSection
	GlobalSection(SolutionProperties) = preSolution
		HideSolutionNode = FALSE
	EndGlobalSection
	GlobalSection(NestedProjects) = preSolution
		{9DEFDC88-4BE3-A00C-7130-B2E094E0A98D} = {02EA681E-C7D8-13C7-8484-4AC65E1B71E8}
		{10CEBBC7-D70E-7489-5EEA-B683A6C0CC1B} = {11CB3D1E-A71C-43B7-BAA2-84E0432095A8}
	EndGlobalSection
	GlobalSection(ExtensibilityGlobals) = postSolution
		SolutionGuid = {81E9D5BB-4CD4-4679-A8CD-6AC27D88E541}
	EndGlobalSection
EndGlobal
